{
  "nodes": {
    "claude-code-nixpkgs": {
      "locked": {
        "lastModified": 1790193352,
        "narHash": "sha256-hB3jHtsdwAblcidqCuyNpnFRNW48Jul0fXd57EB7Nk4=",
        "owner": "NixOS",
        "repo": "nixpkgs",
        "rev": "41f00923ab494dd791b4f7a2c542f0179c24b2ce",
        "type": "github"
      },
      "original": {
        "owner": "NixOS",
        "ref": "master",
        "repo": "nixpkgs",
        "type": "github"
      }
    },
    "claude-desktop-src": {
      "flake": false,
      "locked": {
        "lastModified": 1764098187,
        "narHash": "sha256-H6JjWXhKqxZ8QLMoqndZx9e5x0Sv5AiipSmqvIxIbgo=",
        "owner": "k3d3",
        "repo": "claude-desktop-linux-flake",
        "rev": "b2b040cb68231d2118906507d9cc8fd181ca6308",
        "type": "github"
      },
      "original": {
        "owner": "k3d3",
        "repo": "claude-desktop-linux-flake",
        "type": "github"
      }
    },
    "codex-desktop-linux": {
      "inputs": {
        "flake-utils": "flake-utils",
        "nixpkgs": "nixpkgs"
      },
      "locked": {
        "lastModified": 1790166122,
        "narHash": "sha256-VitLhRnc6al25RCLV0XvtCdEBGiUK05J/NLAN9Kg7JY=",
        "owner": "ilysenko",
        "repo": "codex-desktop-linux",
        "rev": "dd8bfecde5e1f9e30b1065579efa02991356caa9",
        "type": "github"
      },
      "original": {
        "owner": "ilysenko",
        "repo": "codex-desktop-linux",
        "type": "github"
      }
    },
    "doomdir": {
      "flake": false,
      "locked": {
        "lastModified": 1783603851,
        "narHash": "sha256-PXn0v4NR75U7/FpkaZ9GD6HPepVY5vVT48tMd1tMgdQ=",
        "owner": "marienz",
        "repo": "nix-doom-emacs-unstraightened",
        "rev": "4c63e8a411f815bd2473e5ced94dc4b8bf31d240",
        "type": "github"
      },
      "original": {
        "owner": "marienz",
        "ref": "doomdir",
        "repo": "nix-doom-emacs-unstraightened",
        "type": "github"
      }
    },
    "doomemacs": {
      "flake": false,
      "locked": {
        "lastModified": 1788654597,
        "narHash": "sha256-Ywp5JhRziVk11M8qPhejJS+tF4ONNbOhevj5JRZsfOg=",
        "owner": "doomemacs",
        "repo": "core",
        "rev": "01d68aaf6bd7db073365385cd82e1ad7e815295c",
        "type": "github"
      },
      "original": {
        "owner": "doomemacs",
        "repo": "core",
        "type": "github"
      }
    },
    "doomemacs-modules": {
      "flake": false,
      "locked": {
        "lastModified": 1788284745,
        "narHash": "sha256-W+Xwss52Eb6K+I7TRaCU3Z5zPxmo0PfWbNPNLJv1TjE=",
        "owner": "doomemacs",
        "repo": "modules",
        "rev": "d57ab52a3425b6d39564fb011b0e9571da0e270f",
        "type": "github"
      },
      "original": {
        "owner": "doomemacs",
        "repo": "modules",
        "type": "github"
      }
    },
    "dwmblocks-src": {
      "flake": false,
      "locked": {
        "lastModified": 1774903983,
        "narHash": "sha256-Yb4mzTPdRgEzeNlJoUMbpPRc6YuhQ6UrxWUVOMmsD8o=",
        "owner": "seanoh1014",
        "repo": "dwmblocks-torrinfail",
        "rev": "a3d697eda70e68139724878d38d411e910bc99ed",
        "type": "github"
      },
      "original": {
        "owner": "seanoh1014",
        "repo": "dwmblocks-torrinfail",
        "type": "github"
      }
    },
    "emacs-overlay": {
      "inputs": {
        "nixpkgs": [
          "nix-doom-emacs-unstraightened"
        ],
        "nixpkgs-stable": [
          "nix-doom-emacs-unstraightened"
        ]
      },
      "locked": {
        "lastModified": 1790169933,
        "narHash": "sha256-rJ0XOSyIIoXy1DmNoIyQ8uzRCMbstzTTQrk2c7Wi7Iw=",
        "owner": "nix-community",
        "repo": "emacs-overlay",
        "rev": "3f31034ef4a4de9f610f6f9fbaf673610caa6e93",
        "type": "github"
      },
      "original": {
        "owner": "nix-community",
        "repo": "emacs-overlay",
        "type": "github"
      }
    },
    "flake-utils": {
      "inputs": {
        "systems": "systems"
      },
      "locked": {
        "lastModified": 1731533236,
        "narHash": "sha256-l0KFg5HjrsfsO/JpG+r7fRrqm12kzFHyUHqHCVpMMbI=",
        "owner": "numtide",
        "repo": "flake-utils",
        "rev": "11707dc2f618dd54ca8739b309ec4fc024de578b",
        "type": "github"
      },
      "original": {
        "owner": "numtide",
        "repo": "flake-utils",
        "type": "github"
      }
    },
    "home-manager": {
      "inputs": {
        "nixpkgs": [
          "nixpkgs"
        ]
      },
      "locked": {
        "lastModified": 1790128814,
        "narHash": "sha256-6Gm9q+wW3E4Ey4F6wEbJAwaMsEK6hvCYfTW7yY64ZfA=",
        "owner": "nix-community",
        "repo": "home-manager",
        "rev": "0b2f1129177f70c5f0f5d88bb53c49ca47d0bfc0",
        "type": "github"
      },
      "original": {
        "owner": "nix-community",
        "repo": "home-manager",
        "type": "github"
      }
    },
    "nix-doom-emacs-unstraightened": {
      "inputs": {
        "doomdir": "doomdir",
        "doomemacs": "doomemacs",
        "doomemacs-modules": "doomemacs-modules",
        "emacs-overlay": "emacs-overlay",
        "nixpkgs": [
          "nixpkgs"
        ]
      },
      "locked": {
        "lastModified": 1790170951,
        "narHash": "sha256-F57jPJeaIIAQ2xp/qIJ2QLUiYFGy5lb7Gnwy2sFPvUU=",
        "owner": "marienz",
        "repo": "nix-doom-emacs-unstraightened",
        "rev": "567fede4771cb20293e2ce3573f420ac6f85930b",
        "type": "github"
      },
      "original": {
        "owner": "marienz",
        "repo": "nix-doom-emacs-unstraightened",
        "type": "github"
      }
    },
    "nix-vscode-extensions": {
      "inputs": {
        "nixpkgs": [
          "nixpkgs"
        ]
      },
      "locked": {
        "lastModified": 1790136996,
        "narHash": "sha256-rdudxqLneQB6vpwrTuh6gBexuNHqNt3G5wbEJWY4Q3I=",
        "owner": "nix-community",
        "repo": "nix-vscode-extensions",
        "rev": "6d731e6f36a9f8c8acd960941f4dfe832dc20931",
        "type": "github"
      },
      "original": {
        "owner": "nix-community",
        "repo": "nix-vscode-extensions",
        "type": "github"
      }
    },
    "nixpkgs": {
      "locked": {
        "lastModified": 1772773019,
        "narHash": "sha256-E1bxHxNKfDoQUuvriG71+f+s/NT0qWkImXsYZNFFfCs=",
        "owner": "NixOS",
        "repo": "nixpkgs",
        "rev": "aca4d95fce4914b3892661bcb80b8087293536c6",
        "type": "github"
      },
      "original": {
        "owner": "NixOS",
        "ref": "nixos-unstable",
        "repo": "nixpkgs",
        "type": "github"
      }
    },
    "nixpkgs_2": {
      "locked": {
        "lastModified": 1790046670,
        "narHash": "sha256-MYiI+CzL0tuWgRPjGsKCDHqYs2T3OzMlMQWOYWG0qso=",
        "owner": "nixos",
        "repo": "nixpkgs",
        "rev": "6774f7bc253789b113a4f39285dc0fa100abeacc",
        "type": "github"
      },
      "original": {
        "owner": "nixos",
        "ref": "nixos-unstable",
        "repo": "nixpkgs",
        "type": "github"
      }
    },
    "root": {
      "inputs": {
        "claude-code-nixpkgs": "claude-code-nixpkgs",
        "claude-desktop-src": "claude-desktop-src",
        "codex-desktop-linux": "codex-desktop-linux",
        "dwmblocks-src": "dwmblocks-src",
        "home-manager": "home-manager",
        "nix-doom-emacs-unstraightened": "nix-doom-emacs-unstraightened",
        "nix-vscode-extensions": "nix-vscode-extensions",
        "nixpkgs": "nixpkgs_2",
        "st-src": "st-src",
        "tmux-which-key": "tmux-which-key"
      }
    },
    "st-src": {
      "flake": false,
      "locked": {
        "lastModified": 1779080459,
        "narHash": "sha256-/U3wGREUeCUxzi8w0IB5ZAiGcbYRX/MAihc1qhODfBM=",
        "owner": "seanoh1014",
        "repo": "st",
        "rev": "d6cb1df7f8ac15c8c5a3375b41a66821c82b9671",
        "type": "github"
      },
      "original": {
        "owner": "seanoh1014",
        "repo": "st",
        "type": "github"
      }
    },
    "systems": {
      "locked": {
        "lastModified": 1681028828,
        "narHash": "sha256-Vy1rq5AaRuLzOxct8nz4T6wlgyUR7zLU309k9mBC768=",
        "owner": "nix-systems",
        "repo": "default",
        "rev": "da67096a3b9bf56a91d16901293e51ba5b49a27e",
        "type": "github"
      },
      "original": {
        "owner": "nix-systems",
        "repo": "default",
        "type": "github"
      }
    },
    "tmux-which-key": {
      "inputs": {
        "nixpkgs": [
          "nixpkgs"
        ]
      },
      "locked": {
        "lastModified": 1778948988,
        "narHash": "sha256-eEFe85W/byPtxiRhdAaT22fEFNKsi5AEKsYAuDYcTCo=",
        "owner": "alexwforsythe",
        "repo": "tmux-which-key",
        "rev": "85fb9756447b989f3b94e515d1e6ee7fec76cba2",
        "type": "github"
      },
      "original": {
        "owner": "alexwforsythe",
        "repo": "tmux-which-key",
        "type": "github"
      }
    }
  },
  "root": "root",
  "version": 7
}
